
Microsoft Visual Studio Solution File, Format Version 12.00
# Visual Studio 15
VisualStudioVersion = 15.0.28307.757
MinimumVisualStudioVersion = 10.0.40219.1
Project("{9A19103F-16F7-4668-BE54-9A1E7A4F7556}") = "Tetiana_Test", "Tetiana_Test.csproj", "{8B7890AC-A70E-4CF5-85EA-925AFE93CCE6}"
EndProject
Global
	GlobalSection(SolutionConfigurationPlatforms) = preSolution
		Debug|Any CPU = Debug|Any CPU
		Release|Any CPU = Release|Any CPU
	EndGlobalSection
	GlobalSection(ProjectConfigurationPlatforms) = postSolution
		{8B7890AC-A70E-4CF5-85EA-925AFE93CCE6}.Debug|Any CPU.ActiveCfg = Debug|Any CPU
		{8B7890AC-A70E-4CF5-85EA-925AFE93CCE6}.Debug|Any CPU.Build.0 = Debug|Any CPU
		{8B7890AC-A70E-4CF5-85EA-925AFE93CCE6}.Release|Any CPU.ActiveCfg = Release|Any CPU
		{8B7890AC-A70E-4CF5-85EA-925AFE93CCE6}.Release|Any CPU.Build.0 = Release|Any CPU
	EndGlobalSection
	GlobalSection(SolutionProperties) = preSolution
		HideSolutionNode = FALSE
	EndGlobalSection
	GlobalSection(ExtensibilityGlobals) = postSolution
		SolutionGuid = {8FF152E3-E01B-491A-B61A-B64D36A3A930}
	EndGlobalSection
EndGlobal
